lockfileVersion: '9.0'

settings:
  autoInstallPeers: true
  excludeLinksFromLockfile: false

importers:

  .:
    dependencies:
      '@elysiajs/cors':
        specifier: ^1.1.1
        version: 1.1.1(elysia@1.1.12(@sinclair/typebox@0.33.9)(typescript@5.5.4))
      '@types/node':
        specifier: ^22.5.4
        version: 22.5.4
      elysia:
        specifier: ^1.1.12
        version: 1.1.12(@sinclair/typebox@0.33.9)(typescript@5.5.4)
      typescript:
        specifier: ^5.0.0
        version: 5.5.4
    devDependencies:
      '@types/bun':
        specifier: latest
        version: 1.1.8

packages:

  '@elysiajs/cors@1.1.1':
    resolution: {integrity: sha512-Bl6JSURwbneaJqkq02bd0C/F8StkmU5zoPLpnSncy4DZSU8TDwWPXxmoHqozI3hf1piDaSQ+I21cmpjPlQ8uYQ==}
    peerDependencies:
      elysia: '>= 1.1.0'

  '@sinclair/typebox@0.33.9':
    resolution: {integrity: sha512-agK7y8hO5Gz4Thu5kxTtLiZudNRflR1rTwmnWW5skxMd/+aqQ9XQene8HyyBsiajs5HV6ZQ/pCd3IKsqIfu4Kw==}

  '@types/bun@1.1.8':
    resolution: {integrity: sha512-PIwVFQKPviksiibobyvcWtMvMFMTj91T8dQEh9l1P3Ypr3ZuVn9w7HSr+5mTNrPqD1xpdDLEErzZPU8gqHBu6g==}

  '@types/node@20.12.14':
    resolution: {integrity: sha512-scnD59RpYD91xngrQQLGkE+6UrHUPzeKZWhhjBSa3HSkwjbQc38+q3RoIVEwxQGRw3M+j5hpNAM+lgV3cVormg==}

  '@types/node@22.5.4':
    resolution: {integrity: sha512-FDuKUJQm/ju9fT/SeX/6+gBzoPzlVCzfzmGkwKvRHQVxi4BntVbyIwf6a4Xn62mrvndLiml6z/UBXIdEVjQLXg==}

  '@types/ws@8.5.12':
    resolution: {integrity: sha512-3tPRkv1EtkDpzlgyKyI8pGsGZAGPEaXeu0DOj5DI25Ja91bdAYddYHbADRYVrZMRbfW+1l5YwXVDKohDJNQxkQ==}

  bun-types@1.1.26:
    resolution: {integrity: sha512-n7jDe62LsB2+WE8Q8/mT3azkPaatKlj/2MyP6hi3mKvPz9oPpB6JW/Ll6JHtNLudasFFuvfgklYSE+rreGvBjw==}

  cookie@0.6.0:
    resolution: {integrity: sha512-U71cyTamuh1CRNCfpGY6to28lxvNwPG4Guz/EVjgf3Jmzv0vlDp1atT9eS5dDjMYHucpHbWns6Lwf3BKz6svdw==}
    engines: {node: '>= 0.6'}

  elysia@1.1.12:
    resolution: {integrity: sha512-ewydi2tqm9LEYTv9Ah+Y8Y2/Grvpy02mcICwEkAScfj4eTRK52CFJ7VjAG8/dbMGx+uwmnXjtYpd50lDBnBXNQ==}
    peerDependencies:
      '@sinclair/typebox': '>= 0.32.0'
      openapi-types: '>= 12.0.0'
      typescript: '>= 5.0.0'
    peerDependenciesMeta:
      openapi-types:
        optional: true
      typescript:
        optional: true

  fast-decode-uri-component@1.0.1:
    resolution: {integrity: sha512-WKgKWg5eUxvRZGwW8FvfbaH7AXSh2cL+3j5fMGzUMCxWBJ3dV3a7Wz8y2f/uQ0e3B6WmodD3oS54jTQ9HVTIIg==}

  typescript@5.5.4:
    resolution: {integrity: sha512-Mtq29sKDAEYP7aljRgtPOpTvOfbwRWlS6dPRzwjdE+C0R4brX/GUyhHSecbHMFLNBLcJIPt9nl9yG5TZ1weH+Q==}
    engines: {node: '>=14.17'}
    hasBin: true

  undici-types@5.26.5:
    resolution: {integrity: sha512-JlCMO+ehdEIKqlFxk6IfVoAUVmgz7cU7zD/h9XZ0qzeosSHmUJVOzSQvvYSYWXkFXC+IfLKSIffhv0sVZup6pA==}

  undici-types@6.19.8:
    resolution: {integrity: sha512-ve2KP6f/JnbPBFyobGHuerC9g1FYGn/F8n1LWTwNxCEzd6IfqTwUQcNXgEtmmQ6DlRrC1hrSrBnCZPokRrDHjw==}

snapshots:

  '@elysiajs/cors@1.1.1(elysia@1.1.12(@sinclair/typebox@0.33.9)(typescript@5.5.4))':
    dependencies:
      elysia: 1.1.12(@sinclair/typebox@0.33.9)(typescript@5.5.4)

  '@sinclair/typebox@0.33.9': {}

  '@types/bun@1.1.8':
    dependencies:
      bun-types: 1.1.26

  '@types/node@20.12.14':
    dependencies:
      undici-types: 5.26.5

  '@types/node@22.5.4':
    dependencies:
      undici-types: 6.19.8

  '@types/ws@8.5.12':
    dependencies:
      '@types/node': 22.5.4

  bun-types@1.1.26:
    dependencies:
      '@types/node': 20.12.14
      '@types/ws': 8.5.12

  cookie@0.6.0: {}

  elysia@1.1.12(@sinclair/typebox@0.33.9)(typescript@5.5.4):
    dependencies:
      '@sinclair/typebox': 0.33.9
      cookie: 0.6.0
      fast-decode-uri-component: 1.0.1
    optionalDependencies:
      typescript: 5.5.4

  fast-decode-uri-component@1.0.1: {}

  typescript@5.5.4: {}

  undici-types@5.26.5: {}

  undici-types@6.19.8: {}
