lockfileVersion: '9.0'

settings:
  autoInstallPeers: true
  excludeLinksFromLockfile: false

importers:

  .:
    dependencies:
      '@elysiajs/cors':
        specifier: ^1.1.1
        version: 1.1.1(elysia@1.1.12(@sinclair/typebox@0.33.9)(openapi-types@12.1.3)(typescript@5.5.4))
      '@elysiajs/static':
        specifier: ^1.1.1
        version: 1.1.1(elysia@1.1.12(@sinclair/typebox@0.33.9)(openapi-types@12.1.3)(typescript@5.5.4))
      '@elysiajs/swagger':
        specifier: ^1.1.1
        version: 1.1.1(elysia@1.1.12(@sinclair/typebox@0.33.9)(openapi-types@12.1.3)(typescript@5.5.4))
      '@grotto/logysia':
        specifier: ^0.1.4
        version: 0.1.4(elysia@1.1.12(@sinclair/typebox@0.33.9)(openapi-types@12.1.3)(typescript@5.5.4))(typescript@5.5.4)
      '@ptkdev/logger':
        specifier: ^1.8.0
        version: 1.8.0
      '@types/mockjs':
        specifier: ^1.0.10
        version: 1.0.10
      c-log:
        specifier: ^0.0.3
        version: 0.0.3
      commander:
        specifier: ^12.1.0
        version: 12.1.0
      console-table-printer:
        specifier: ^2.12.1
        version: 2.12.1
      cross-env:
        specifier: ^7.0.3
        version: 7.0.3
      dotenv:
        specifier: ^16.4.5
        version: 16.4.5
      elysia:
        specifier: ^1.1.12
        version: 1.1.12(@sinclair/typebox@0.33.9)(openapi-types@12.1.3)(typescript@5.5.4)
      mockjs:
        specifier: ^1.1.0
        version: 1.1.0
      mustache:
        specifier: ^4.2.0
        version: 4.2.0
      normalize-url:
        specifier: ^8.0.1
        version: 8.0.1
      typescript:
        specifier: ^5.0.0
        version: 5.5.4
      underscore:
        specifier: ^1.13.7
        version: 1.13.7
      yaml:
        specifier: ^2.5.1
        version: 2.5.1
    devDependencies:
      '@happy-dom/global-registrator':
        specifier: ^15.7.3
        version: 15.7.3
      '@types/bun':
        specifier: latest
        version: 1.1.8
      '@types/dotenv':
        specifier: ^8.2.0
        version: 8.2.0
      '@types/mustache':
        specifier: ^4.2.5
        version: 4.2.5
      '@types/node':
        specifier: ^22.5.4
        version: 22.5.4
      '@types/underscore':
        specifier: ^1.11.15
        version: 1.11.15
      chalk:
        specifier: ^5.3.0
        version: 5.3.0

packages:

  '@elysiajs/cors@1.1.1':
    resolution: {integrity: sha512-Bl6JSURwbneaJqkq02bd0C/F8StkmU5zoPLpnSncy4DZSU8TDwWPXxmoHqozI3hf1piDaSQ+I21cmpjPlQ8uYQ==}
    peerDependencies:
      elysia: '>= 1.1.0'

  '@elysiajs/static@1.1.1':
    resolution: {integrity: sha512-H1KqsuNHhHKYKUkPoies0pPQBgbA4qsfre840FKraeF99jz++2P/igrOagp8cWqwFGrHP1V+nwGlGm9U6rZAEg==}
    peerDependencies:
      elysia: '>= 1.1.0'

  '@elysiajs/swagger@1.1.1':
    resolution: {integrity: sha512-fsg5IZaNbgN2kWqSRUntSMqg386cmFbT7IrYm2gH1P9e34ZD2wuKhRCu521+T924UunwIHP2+tj6CoFL4FrsxQ==}
    peerDependencies:
      elysia: '>= 1.1.0'

  '@grotto/logysia@0.1.4':
    resolution: {integrity: sha512-BpnKDGKelpPagdi3LxfGI9wxBRagl6D0IXeyqZfk+maXHLtq/ohRSSa/jX881N+2bVllZ2FZzCyQj+Tr0dY+oA==}
    peerDependencies:
      elysia: ^1.0.0-rc.11
      typescript: ^5.3.3

  '@happy-dom/global-registrator@15.7.3':
    resolution: {integrity: sha512-pxhR1xWFSU/Jtycar/ErXOFoheasVKLm7iFJb9zVwz8eGQ0dr3UBvjrtzloQEwXxomGGXUNgTOhGwPnkiCq2Ag==}
    engines: {node: '>=18.0.0'}

  '@ptkdev/logger@1.8.0':
    resolution: {integrity: sha512-gwg0pleMUyzsZIErDtzz2OP4F2Q3nzRGjhUTP+831/eogq17LpG7PgbHo1n1HZ/dlz/v2xvotfUcPLO3IzwEVQ==}
    engines: {node: '>=10.0.0'}

  '@sinclair/typebox@0.33.9':
    resolution: {integrity: sha512-agK7y8hO5Gz4Thu5kxTtLiZudNRflR1rTwmnWW5skxMd/+aqQ9XQene8HyyBsiajs5HV6ZQ/pCd3IKsqIfu4Kw==}

  '@types/bun@1.1.8':
    resolution: {integrity: sha512-PIwVFQKPviksiibobyvcWtMvMFMTj91T8dQEh9l1P3Ypr3ZuVn9w7HSr+5mTNrPqD1xpdDLEErzZPU8gqHBu6g==}

  '@types/dotenv@8.2.0':
    resolution: {integrity: sha512-ylSC9GhfRH7m1EUXBXofhgx4lUWmFeQDINW5oLuS+gxWdfUeW4zJdeVTYVkexEW+e2VUvlZR2kGnGGipAWR7kw==}
    deprecated: This is a stub types definition. dotenv provides its own type definitions, so you do not need this installed.

  '@types/mockjs@1.0.10':
    resolution: {integrity: sha512-SXgrhajHG7boLv6oU93CcmdDm0HYRiceuz6b+7z+/2lCJPTWDv0V5YiwFHT2ejE4bQqgSXQiVPQYPWv7LGsK1g==}

  '@types/mustache@4.2.5':
    resolution: {integrity: sha512-PLwiVvTBg59tGFL/8VpcGvqOu3L4OuveNvPi0EYbWchRdEVP++yRUXJPFl+CApKEq13017/4Nf7aQ5lTtHUNsA==}

  '@types/node@20.12.14':
    resolution: {integrity: sha512-scnD59RpYD91xngrQQLGkE+6UrHUPzeKZWhhjBSa3HSkwjbQc38+q3RoIVEwxQGRw3M+j5hpNAM+lgV3cVormg==}

  '@types/node@22.5.4':
    resolution: {integrity: sha512-FDuKUJQm/ju9fT/SeX/6+gBzoPzlVCzfzmGkwKvRHQVxi4BntVbyIwf6a4Xn62mrvndLiml6z/UBXIdEVjQLXg==}

  '@types/underscore@1.11.15':
    resolution: {integrity: sha512-HP38xE+GuWGlbSRq9WrZkousaQ7dragtZCruBVMi0oX1migFZavZ3OROKHSkNp/9ouq82zrWtZpg18jFnVN96g==}

  '@types/ws@8.5.12':
    resolution: {integrity: sha512-3tPRkv1EtkDpzlgyKyI8pGsGZAGPEaXeu0DOj5DI25Ja91bdAYddYHbADRYVrZMRbfW+1l5YwXVDKohDJNQxkQ==}

  ansi-regex@5.0.1:
    resolution: {integrity: sha512-quJQXlTSUGL2LH9SUXo8VwsY4soanhgo6LNSm84E1LBcE8s3O0wpdiRzyR9z/ZZJMlMWv37qOOb9pdJlMUEKFQ==}
    engines: {node: '>=8'}

  ansi-styles@4.3.0:
    resolution: {integrity: sha512-zbB9rCJAT1rbjiVDb2hqKFHNYLxgtk8NURxZ3IZwD3F6NtxbXZQCnnSi1Lkx+IDohdPlFp222wVALIheZJQSEg==}
    engines: {node: '>=8'}

  bun-types@1.1.26:
    resolution: {integrity: sha512-n7jDe62LsB2+WE8Q8/mT3azkPaatKlj/2MyP6hi3mKvPz9oPpB6JW/Ll6JHtNLudasFFuvfgklYSE+rreGvBjw==}

  c-log@0.0.3:
    resolution: {integrity: sha512-waCSV5taFJ1+UMNGHtLQhkl4LeJPPva7I+AGhy7MbpzFMpBXTLTqBnuLrR1hqYKoVKXqo0KttZ+dkSbW5ZyXaQ==}
    engines: {node: '>= 0.4.0'}

  chalk@4.1.2:
    resolution: {integrity: sha512-oKnbhFyRIXpUuez8iBMmyEa4nbj4IOQyuhc/wy9kY7/WVPcwIO9VA668Pu8RkO7+0G76SLROeyw9CpQ061i4mA==}
    engines: {node: '>=10'}

  chalk@5.3.0:
    resolution: {integrity: sha512-dLitG79d+GV1Nb/VYcCDFivJeK1hiukt9QjRNVOsUtTy1rR1YJsmpGGTZ3qJos+uw7WmWF4wUwBd9jxjocFC2w==}
    engines: {node: ^12.17.0 || ^14.13 || >=16.0.0}

  cli-table@0.3.11:
    resolution: {integrity: sha512-IqLQi4lO0nIB4tcdTpN4LCB9FI3uqrJZK7RC515EnhZ6qBaglkIgICb1wjeAqpdoOabm1+SuQtkXIPdYC93jhQ==}
    engines: {node: '>= 0.2.0'}

  clone@2.1.2:
    resolution: {integrity: sha512-3Pe/CF1Nn94hyhIYpjtiLhdCoEoz0DqQ+988E9gmeEdQZlojxnOb74wctFyuwWQHzqyf9X7C7MG8juUpqBJT8w==}
    engines: {node: '>=0.8'}

  color-convert@2.0.1:
    resolution: {integrity: sha512-RRECPsj7iu/xb5oKYcsFHSppFNnsj/52OVTRKb4zP5onXwVF3zVmmToNcOfGC+CRDpfK/U584fMg38ZHCaElKQ==}
    engines: {node: '>=7.0.0'}

  color-name@1.1.4:
    resolution: {integrity: sha512-dOy+3AuW3a2wNbZHIuMZpTcgjGuLU/uBL/ubcZF9OXbDo8ff4O8yVp5Bf0efS8uEoYo5q4Fx7dY9OgQGXgAsQA==}

  colors@0.6.2:
    resolution: {integrity: sha512-OsSVtHK8Ir8r3+Fxw/b4jS1ZLPXkV6ZxDRJQzeD7qo0SqMXWrHDM71DgYzPMHY8SFJ0Ao+nNU2p1MmwdzKqPrw==}
    engines: {node: '>=0.1.90'}

  colors@1.0.3:
    resolution: {integrity: sha512-pFGrxThWcWQ2MsAz6RtgeWe4NK2kUE1WfsrvvlctdII745EW9I0yflqhe7++M5LEc7bV2c/9/5zc8sFcpL0Drw==}
    engines: {node: '>=0.1.90'}

  commander@12.1.0:
    resolution: {integrity: sha512-Vw8qHK3bZM9y/P10u3Vib8o/DdkvA2OtPtZvD871QKjy74Wj1WSKFILMPRPSdUSx5RFK1arlJzEtA4PkFgnbuA==}
    engines: {node: '>=18'}

  console-table-printer@2.12.1:
    resolution: {integrity: sha512-wKGOQRRvdnd89pCeH96e2Fn4wkbenSP6LMHfjfyNLMbGuHEFbMqQNuxXqd0oXG9caIOQ1FTvc5Uijp9/4jujnQ==}

  cookie@0.6.0:
    resolution: {integrity: sha512-U71cyTamuh1CRNCfpGY6to28lxvNwPG4Guz/EVjgf3Jmzv0vlDp1atT9eS5dDjMYHucpHbWns6Lwf3BKz6svdw==}
    engines: {node: '>= 0.6'}

  cross-env@7.0.3:
    resolution: {integrity: sha512-+/HKd6EgcQCJGh2PSjZuUitQBQynKor4wrFbRg4DtAgS1aWO+gU52xpH7M9ScGgXSYmAVS9bIJ8EzuaGw0oNAw==}
    engines: {node: '>=10.14', npm: '>=6', yarn: '>=1'}
    hasBin: true

  cross-spawn@7.0.3:
    resolution: {integrity: sha512-iRDPJKUPVEND7dHPO8rkbOnPpyDygcDFtWjpeWNCgy8WP2rXcxXL8TskReQl6OrB2G7+UJrags1q15Fudc7G6w==}
    engines: {node: '>= 8'}

  dotenv@16.4.5:
    resolution: {integrity: sha512-ZmdL2rui+eB2YwhsWzjInR8LldtZHGDoQ1ugH85ppHKwpUHL7j7rN0Ti9NCnGiQbhaZ11FpR+7ao1dNsmduNUg==}
    engines: {node: '>=12'}

  elysia@1.1.12:
    resolution: {integrity: sha512-ewydi2tqm9LEYTv9Ah+Y8Y2/Grvpy02mcICwEkAScfj4eTRK52CFJ7VjAG8/dbMGx+uwmnXjtYpd50lDBnBXNQ==}
    peerDependencies:
      '@sinclair/typebox': '>= 0.32.0'
      openapi-types: '>= 12.0.0'
      typescript: '>= 5.0.0'
    peerDependenciesMeta:
      openapi-types:
        optional: true
      typescript:
        optional: true

  entities@4.5.0:
    resolution: {integrity: sha512-V0hjH4dGPh9Ao5p0MoRY6BVqtwCjhz6vI5LT8AJ55H+4g9/4vbHx1I54fS0XuclLhDHArPQCiMjDxjaL8fPxhw==}
    engines: {node: '>=0.12'}

  fast-decode-uri-component@1.0.1:
    resolution: {integrity: sha512-WKgKWg5eUxvRZGwW8FvfbaH7AXSh2cL+3j5fMGzUMCxWBJ3dV3a7Wz8y2f/uQ0e3B6WmodD3oS54jTQ9HVTIIg==}

  fs-extra@10.1.0:
    resolution: {integrity: sha512-oRXApq54ETRj4eMiFzGnHWGy+zo5raudjuxN0b8H7s/RU2oW0Wvsx9O0ACRN/kRq9E8Vu/ReskGB5o3ji+FzHQ==}
    engines: {node: '>=12'}

  graceful-fs@4.2.11:
    resolution: {integrity: sha512-RbJ5/jmFcNNCcDV5o9eTnBLJ/HszWV0P73bc+Ff4nS/rJj+YaS6IGyiOL0VoBYX+l1Wrl3k63h/KrH+nhJ0XvQ==}

  happy-dom@15.7.3:
    resolution: {integrity: sha512-w3RUaYNXFJX5LiNVhOJLK4GqCB1bFj1FvELtpon3HrN8gUpS09V0Vvm4/BBRRj7mLUE1+ch8PKv1JxEp/0IHjA==}
    engines: {node: '>=18.0.0'}

  has-flag@4.0.0:
    resolution: {integrity: sha512-EykJT/Q1KjTWctppgIAgfSO0tKVuZUjhgMr17kqTumMl6Afv3EISleU7qZUzoXDFTAHTDC4NOoG/ZxU3EvlMPQ==}
    engines: {node: '>=8'}

  is-promise@2.2.2:
    resolution: {integrity: sha512-+lP4/6lKUBfQjZ2pdxThZvLUAafmZb8OAxFb8XXtiQmS35INgr85hdOGoEs124ez1FCnZJt6jau/T+alh58QFQ==}

  isexe@2.0.0:
    resolution: {integrity: sha512-RHxMLp9lnKHGHRng9QFhRCMbYAcVpn69smSGcq3f36xjgVVWThj4qqLbTLlq7Ssj8B+fIQ1EuCEGI2lKsyQeIw==}

  jsonfile@6.1.0:
    resolution: {integrity: sha512-5dgndWOriYSm5cnYaJNhalLNDKOqFwyDB/rr1E9ZsGciGvKPs8R2xYGCacuf3z6K1YKDz182fd+fY3cn3pMqXQ==}

  lodash.clonedeep@4.5.0:
    resolution: {integrity: sha512-H5ZhCF25riFd9uB5UCkVKo61m3S/xZk1x4wA6yp/L3RFP6Z/eHH1ymQcGLo7J3GMPfm0V/7m1tryHuGVxpqEBQ==}

  lodash@4.17.21:
    resolution: {integrity: sha512-v2kDEe57lecTulaDIuNTPy3Ry4gLGJ6Z1O3vE1krgXZNrsQ+LFTGHVxVjcXPs17LhbZVGedAJv8XZ1tvj5FvSg==}

  lowdb@1.0.0:
    resolution: {integrity: sha512-2+x8esE/Wb9SQ1F9IHaYWfsC9FIecLOPrK4g17FGEayjUWH172H6nwicRovGvSE2CPZouc2MCIqCI7h9d+GftQ==}
    engines: {node: '>=4'}

  mockjs@1.1.0:
    resolution: {integrity: sha512-eQsKcWzIaZzEZ07NuEyO4Nw65g0hdWAyurVol1IPl1gahRwY+svqzfgfey8U8dahLwG44d6/RwEzuK52rSa/JQ==}
    hasBin: true

  mustache@4.2.0:
    resolution: {integrity: sha512-71ippSywq5Yb7/tVYyGbkBggbU8H3u5Rz56fH60jGFgr8uHwxs+aSKeqmluIVzM0m0kB7xQjKS6qPfd0b2ZoqQ==}
    hasBin: true

  node-cache@5.1.2:
    resolution: {integrity: sha512-t1QzWwnk4sjLWaQAS8CHgOJ+RAfmHpxFWmc36IWTiWHQfs0w5JDMBS1b1ZxQteo0vVVuWJvIUKHDkkeK7vIGCg==}
    engines: {node: '>= 8.0.0'}

  normalize-url@8.0.1:
    resolution: {integrity: sha512-IO9QvjUMWxPQQhs60oOu10CRkWCiZzSUkzbXGGV9pviYl1fXYcvkzQ5jV9z8Y6un8ARoVRl4EtC6v6jNqbaJ/w==}
    engines: {node: '>=14.16'}

  openapi-types@12.1.3:
    resolution: {integrity: sha512-N4YtSYJqghVu4iek2ZUvcN/0aqH1kRDuNqzcycDxhOUpg7GdvLa2F3DgS6yBNhInhv2r/6I0Flkn7CqL8+nIcw==}

  path-key@3.1.1:
    resolution: {integrity: sha512-ojmeN0qd+y0jszEtoY48r0Peq5dwMEkIlCOu6Q5f41lfkswXuKtYrhgoTpLnyIcHm24Uhqx+5Tqm2InSwLhE6Q==}
    engines: {node: '>=8'}

  picocolors@1.1.0:
    resolution: {integrity: sha512-TQ92mBOW0l3LeMeyLV6mzy/kWr8lkd/hp3mTg7wYK7zJhuBStmGMBG0BdeDZS/dZx1IukaX6Bk11zcln25o1Aw==}

  pify@3.0.0:
    resolution: {integrity: sha512-C3FsVNH1udSEX48gGX1xfvwTWfsYWj5U+8/uK15BGzIGrKoUpghX8hWZwa/OFnakBiiVNmBvemTJR5mcy7iPcg==}
    engines: {node: '>=4'}

  rotating-file-stream@2.1.6:
    resolution: {integrity: sha512-qS0ndAlDu80MMXeRonqGMXslF0FErzcUSbcXhus3asRG4cvCS79hc5f7s0x4bPAsH6wAwyHVIeARg69VUe3JmQ==}
    engines: {node: '>=10.0'}

  shebang-command@2.0.0:
    resolution: {integrity: sha512-kHxr2zZpYtdmrN1qDjrrX/Z1rR1kG8Dx+gkpK1G4eXmvXswmcE1hTWBWYUzlraYw1/yZp6YuDY77YtvbN0dmDA==}
    engines: {node: '>=8'}

  shebang-regex@3.0.0:
    resolution: {integrity: sha512-7++dFhtcx3353uBaq8DDR4NuxBetBzC7ZQOhmTQInHEd6bSrXdiEyzCvG07Z44UYdLShWUyXt5M/yhz8ekcb1A==}
    engines: {node: '>=8'}

  simple-wcswidth@1.0.1:
    resolution: {integrity: sha512-xMO/8eNREtaROt7tJvWJqHBDTMFN4eiQ5I4JRMuilwfnFcV5W9u7RUkueNkdw0jPqGMX36iCywelS5yilTuOxg==}

  steno@0.4.4:
    resolution: {integrity: sha512-EEHMVYHNXFHfGtgjNITnka0aHhiAlo93F7z2/Pwd+g0teG9CnM3JIINM7hVVB5/rhw9voufD7Wukwgtw2uqh6w==}

  strip-ansi@6.0.1:
    resolution: {integrity: sha512-Y38VPSHcqkFrCpFnQ9vuSXmquuv5oXOKpGeT6aGrr3o3Gc9AlVa6JBfUSOCnbxGGZF+/0ooI7KrPuUSztUdU5A==}
    engines: {node: '>=8'}

  supports-color@7.2.0:
    resolution: {integrity: sha512-qpCAvRl9stuOHveKsn7HncJRvv501qIacKzQlO/+Lwxc9+0q2wLyv4Dfvt80/DPn2pqOBsJdDiogXGR9+OvwRw==}
    engines: {node: '>=8'}

  typescript@5.5.4:
    resolution: {integrity: sha512-Mtq29sKDAEYP7aljRgtPOpTvOfbwRWlS6dPRzwjdE+C0R4brX/GUyhHSecbHMFLNBLcJIPt9nl9yG5TZ1weH+Q==}
    engines: {node: '>=14.17'}
    hasBin: true

  underscore@1.13.7:
    resolution: {integrity: sha512-GMXzWtsc57XAtguZgaQViUOzs0KTkk8ojr3/xAxXLITqf/3EMwxC0inyETfDFjH/Krbhuep0HNbbjI9i/q3F3g==}

  undici-types@5.26.5:
    resolution: {integrity: sha512-JlCMO+ehdEIKqlFxk6IfVoAUVmgz7cU7zD/h9XZ0qzeosSHmUJVOzSQvvYSYWXkFXC+IfLKSIffhv0sVZup6pA==}

  undici-types@6.19.8:
    resolution: {integrity: sha512-ve2KP6f/JnbPBFyobGHuerC9g1FYGn/F8n1LWTwNxCEzd6IfqTwUQcNXgEtmmQ6DlRrC1hrSrBnCZPokRrDHjw==}

  universalify@2.0.1:
    resolution: {integrity: sha512-gptHNQghINnc/vTGIk0SOFGFNXw7JVrlRUtConJRlvaw6DuX0wO5Jeko9sWrMBhh+PsYAZ7oXAiOnf/UKogyiw==}
    engines: {node: '>= 10.0.0'}

  webidl-conversions@7.0.0:
    resolution: {integrity: sha512-VwddBukDzu71offAQR975unBIGqfKZpM+8ZX6ySk8nYhVoo5CYaZyzt3YBvYtRtO+aoGlqxPg/B87NGVZ/fu6g==}
    engines: {node: '>=12'}

  whatwg-mimetype@3.0.0:
    resolution: {integrity: sha512-nt+N2dzIutVRxARx1nghPKGv1xHikU7HKdfafKkLNLindmPU/ch3U31NOCGGA/dmPcmb1VlofO0vnKAcsm0o/Q==}
    engines: {node: '>=12'}

  which@2.0.2:
    resolution: {integrity: sha512-BLI3Tl1TW3Pvl70l3yq3Y64i+awpwXqsGBYWkkqMtnbXgrMD+yj7rhW0kuEDxzJaYXGjEW5ogapKNMEKNMjibA==}
    engines: {node: '>= 8'}
    hasBin: true

  yaml@2.5.1:
    resolution: {integrity: sha512-bLQOjaX/ADgQ20isPJRvF0iRUHIxVhYvr53Of7wGcWlO2jvtUlH5m87DsmulFVxRpNLOnI4tB6p/oh8D7kpn9Q==}
    engines: {node: '>= 14'}
    hasBin: true

snapshots:

  '@elysiajs/cors@1.1.1(elysia@1.1.12(@sinclair/typebox@0.33.9)(openapi-types@12.1.3)(typescript@5.5.4))':
    dependencies:
      elysia: 1.1.12(@sinclair/typebox@0.33.9)(openapi-types@12.1.3)(typescript@5.5.4)

  '@elysiajs/static@1.1.1(elysia@1.1.12(@sinclair/typebox@0.33.9)(openapi-types@12.1.3)(typescript@5.5.4))':
    dependencies:
      elysia: 1.1.12(@sinclair/typebox@0.33.9)(openapi-types@12.1.3)(typescript@5.5.4)
      node-cache: 5.1.2

  '@elysiajs/swagger@1.1.1(elysia@1.1.12(@sinclair/typebox@0.33.9)(openapi-types@12.1.3)(typescript@5.5.4))':
    dependencies:
      elysia: 1.1.12(@sinclair/typebox@0.33.9)(openapi-types@12.1.3)(typescript@5.5.4)
      lodash.clonedeep: 4.5.0
      openapi-types: 12.1.3

  '@grotto/logysia@0.1.4(elysia@1.1.12(@sinclair/typebox@0.33.9)(openapi-types@12.1.3)(typescript@5.5.4))(typescript@5.5.4)':
    dependencies:
      elysia: 1.1.12(@sinclair/typebox@0.33.9)(openapi-types@12.1.3)(typescript@5.5.4)
      picocolors: 1.1.0
      typescript: 5.5.4

  '@happy-dom/global-registrator@15.7.3':
    dependencies:
      happy-dom: 15.7.3

  '@ptkdev/logger@1.8.0':
    dependencies:
      chalk: 4.1.2
      fs-extra: 10.1.0
      lowdb: 1.0.0
      rotating-file-stream: 2.1.6
      strip-ansi: 6.0.1

  '@sinclair/typebox@0.33.9': {}

  '@types/bun@1.1.8':
    dependencies:
      bun-types: 1.1.26

  '@types/dotenv@8.2.0':
    dependencies:
      dotenv: 16.4.5

  '@types/mockjs@1.0.10': {}

  '@types/mustache@4.2.5': {}

  '@types/node@20.12.14':
    dependencies:
      undici-types: 5.26.5

  '@types/node@22.5.4':
    dependencies:
      undici-types: 6.19.8

  '@types/underscore@1.11.15': {}

  '@types/ws@8.5.12':
    dependencies:
      '@types/node': 22.5.4

  ansi-regex@5.0.1: {}

  ansi-styles@4.3.0:
    dependencies:
      color-convert: 2.0.1

  bun-types@1.1.26:
    dependencies:
      '@types/node': 20.12.14
      '@types/ws': 8.5.12

  c-log@0.0.3:
    dependencies:
      cli-table: 0.3.11
      colors: 0.6.2

  chalk@4.1.2:
    dependencies:
      ansi-styles: 4.3.0
      supports-color: 7.2.0

  chalk@5.3.0: {}

  cli-table@0.3.11:
    dependencies:
      colors: 1.0.3

  clone@2.1.2: {}

  color-convert@2.0.1:
    dependencies:
      color-name: 1.1.4

  color-name@1.1.4: {}

  colors@0.6.2: {}

  colors@1.0.3: {}

  commander@12.1.0: {}

  console-table-printer@2.12.1:
    dependencies:
      simple-wcswidth: 1.0.1

  cookie@0.6.0: {}

  cross-env@7.0.3:
    dependencies:
      cross-spawn: 7.0.3

  cross-spawn@7.0.3:
    dependencies:
      path-key: 3.1.1
      shebang-command: 2.0.0
      which: 2.0.2

  dotenv@16.4.5: {}

  elysia@1.1.12(@sinclair/typebox@0.33.9)(openapi-types@12.1.3)(typescript@5.5.4):
    dependencies:
      '@sinclair/typebox': 0.33.9
      cookie: 0.6.0
      fast-decode-uri-component: 1.0.1
    optionalDependencies:
      openapi-types: 12.1.3
      typescript: 5.5.4

  entities@4.5.0: {}

  fast-decode-uri-component@1.0.1: {}

  fs-extra@10.1.0:
    dependencies:
      graceful-fs: 4.2.11
      jsonfile: 6.1.0
      universalify: 2.0.1

  graceful-fs@4.2.11: {}

  happy-dom@15.7.3:
    dependencies:
      entities: 4.5.0
      webidl-conversions: 7.0.0
      whatwg-mimetype: 3.0.0

  has-flag@4.0.0: {}

  is-promise@2.2.2: {}

  isexe@2.0.0: {}

  jsonfile@6.1.0:
    dependencies:
      universalify: 2.0.1
    optionalDependencies:
      graceful-fs: 4.2.11

  lodash.clonedeep@4.5.0: {}

  lodash@4.17.21: {}

  lowdb@1.0.0:
    dependencies:
      graceful-fs: 4.2.11
      is-promise: 2.2.2
      lodash: 4.17.21
      pify: 3.0.0
      steno: 0.4.4

  mockjs@1.1.0:
    dependencies:
      commander: 12.1.0

  mustache@4.2.0: {}

  node-cache@5.1.2:
    dependencies:
      clone: 2.1.2

  normalize-url@8.0.1: {}

  openapi-types@12.1.3: {}

  path-key@3.1.1: {}

  picocolors@1.1.0: {}

  pify@3.0.0: {}

  rotating-file-stream@2.1.6: {}

  shebang-command@2.0.0:
    dependencies:
      shebang-regex: 3.0.0

  shebang-regex@3.0.0: {}

  simple-wcswidth@1.0.1: {}

  steno@0.4.4:
    dependencies:
      graceful-fs: 4.2.11

  strip-ansi@6.0.1:
    dependencies:
      ansi-regex: 5.0.1

  supports-color@7.2.0:
    dependencies:
      has-flag: 4.0.0

  typescript@5.5.4: {}

  underscore@1.13.7: {}

  undici-types@5.26.5: {}

  undici-types@6.19.8: {}

  universalify@2.0.1: {}

  webidl-conversions@7.0.0: {}

  whatwg-mimetype@3.0.0: {}

  which@2.0.2:
    dependencies:
      isexe: 2.0.0

  yaml@2.5.1: {}
